
Microsoft Visual Studio Solution File, Format Version 12.00
# Visual Studio Version 16
VisualStudioVersion = 16.0.31402.337
MinimumVisualStudioVersion = 10.0.40219.1
Project("{2150E333-8FDC-42A3-9474-1A3956D46DE8}") = "Feature", "Feature", "{A06439DC-4E89-4EE4-8022-31D978A56C6A}"
EndProject
Project("{2150E333-8FDC-42A3-9474-1A3956D46DE8}") = "Foundation", "Foundation", "{C977AE2A-A9F9-4E9A-8073-397473B73D19}"
EndProject
Project("{2150E333-8FDC-42A3-9474-1A3956D46DE8}") = "Project", "Project", "{8CE91EAE-A3AC-4451-8523-E48542CE4E0C}"
EndProject
Project("{2150E333-8FDC-42A3-9474-1A3956D46DE8}") = "Configuration", "Configuration", "{EC16AACB-AAF3-47F9-A7D7-E5AAB8130571}"
	ProjectSection(SolutionItems) = preProject
		gulp-config.js = gulp-config.js
		gulpfile.js = gulpfile.js
		package.json = package.json
	EndProjectSection
EndProject
Project("{2150E333-8FDC-42A3-9474-1A3956D46DE8}") = "Search", "Search", "{5975C4BF-045E-46A8-BFD9-60551773631C}"
EndProject
Project("{FAE04EC0-301F-11D3-BF4B-00C04F79EFBC}") = "SitecorePoweredBlog.Feature.Search", "src\Feature\Search\code\SitecorePoweredBlog.Feature.Search.csproj", "{B3E1CCC8-E092-46F6-BB73-403839554EEB}"
EndProject
Project("{2150E333-8FDC-42A3-9474-1A3956D46DE8}") = "Postcard", "Postcard", "{BDC32FAA-E07C-4330-B38E-3BADDF51434D}"
EndProject
Project("{FAE04EC0-301F-11D3-BF4B-00C04F79EFBC}") = "SitecorePoweredBlog.Feature.Postcard", "src\Feature\Postcard\code\SitecorePoweredBlog.Feature.Postcard.csproj", "{4511107A-B73A-473C-8F4F-0D6206495ABF}"
EndProject
Project("{2150E333-8FDC-42A3-9474-1A3956D46DE8}") = "Common", "Common", "{B6B795A4-8CDC-46D4-937A-963FA98A120C}"
EndProject
Project("{FAE04EC0-301F-11D3-BF4B-00C04F79EFBC}") = "SitecorePweredBlog.Feature.Common", "src\Feature\Common\code\SitecorePweredBlog.Feature.Common.csproj", "{95EBFEEC-41B8-4535-BDD3-A8365FCD04B5}"
EndProject
Project("{2150E333-8FDC-42A3-9474-1A3956D46DE8}") = "Errors", "Errors", "{0FE7C976-DC44-4AE6-9DAA-5B8B3EFC297A}"
EndProject
Project("{FAE04EC0-301F-11D3-BF4B-00C04F79EFBC}") = "SitecorePoweredBlog.Feature.Errors", "src\Feature\Errors\code\SitecorePoweredBlog.Feature.Errors.csproj", "{69D9DD20-6639-4FF4-8DC1-1D5AA85783CE}"
EndProject
Global
	GlobalSection(SolutionConfigurationPlatforms) = preSolution
		Debug|Any CPU = Debug|Any CPU
		Release|Any CPU = Release|Any CPU
	EndGlobalSection
	GlobalSection(ProjectConfigurationPlatforms) = postSolution
		{B3E1CCC8-E092-46F6-BB73-403839554EEB}.Debug|Any CPU.ActiveCfg = Debug|Any CPU
		{B3E1CCC8-E092-46F6-BB73-403839554EEB}.Debug|Any CPU.Build.0 = Debug|Any CPU
		{B3E1CCC8-E092-46F6-BB73-403839554EEB}.Release|Any CPU.ActiveCfg = Release|Any CPU
		{B3E1CCC8-E092-46F6-BB73-403839554EEB}.Release|Any CPU.Build.0 = Release|Any CPU
		{4511107A-B73A-473C-8F4F-0D6206495ABF}.Debug|Any CPU.ActiveCfg = Debug|Any CPU
		{4511107A-B73A-473C-8F4F-0D6206495ABF}.Debug|Any CPU.Build.0 = Debug|Any CPU
		{4511107A-B73A-473C-8F4F-0D6206495ABF}.Release|Any CPU.ActiveCfg = Release|Any CPU
		{4511107A-B73A-473C-8F4F-0D6206495ABF}.Release|Any CPU.Build.0 = Release|Any CPU
		{95EBFEEC-41B8-4535-BDD3-A8365FCD04B5}.Debug|Any CPU.ActiveCfg = Debug|Any CPU
		{95EBFEEC-41B8-4535-BDD3-A8365FCD04B5}.Debug|Any CPU.Build.0 = Debug|Any CPU
		{95EBFEEC-41B8-4535-BDD3-A8365FCD04B5}.Release|Any CPU.ActiveCfg = Release|Any CPU
		{95EBFEEC-41B8-4535-BDD3-A8365FCD04B5}.Release|Any CPU.Build.0 = Release|Any CPU
		{69D9DD20-6639-4FF4-8DC1-1D5AA85783CE}.Debug|Any CPU.ActiveCfg = Debug|Any CPU
		{69D9DD20-6639-4FF4-8DC1-1D5AA85783CE}.Debug|Any CPU.Build.0 = Debug|Any CPU
		{69D9DD20-6639-4FF4-8DC1-1D5AA85783CE}.Release|Any CPU.ActiveCfg = Release|Any CPU
		{69D9DD20-6639-4FF4-8DC1-1D5AA85783CE}.Release|Any CPU.Build.0 = Release|Any CPU
	EndGlobalSection
	GlobalSection(SolutionProperties) = preSolution
		HideSolutionNode = FALSE
	EndGlobalSection
	GlobalSection(NestedProjects) = preSolution
		{5975C4BF-045E-46A8-BFD9-60551773631C} = {A06439DC-4E89-4EE4-8022-31D978A56C6A}
		{B3E1CCC8-E092-46F6-BB73-403839554EEB} = {5975C4BF-045E-46A8-BFD9-60551773631C}
		{BDC32FAA-E07C-4330-B38E-3BADDF51434D} = {A06439DC-4E89-4EE4-8022-31D978A56C6A}
		{4511107A-B73A-473C-8F4F-0D6206495ABF} = {BDC32FAA-E07C-4330-B38E-3BADDF51434D}
		{B6B795A4-8CDC-46D4-937A-963FA98A120C} = {A06439DC-4E89-4EE4-8022-31D978A56C6A}
		{95EBFEEC-41B8-4535-BDD3-A8365FCD04B5} = {B6B795A4-8CDC-46D4-937A-963FA98A120C}
		{0FE7C976-DC44-4AE6-9DAA-5B8B3EFC297A} = {A06439DC-4E89-4EE4-8022-31D978A56C6A}
		{69D9DD20-6639-4FF4-8DC1-1D5AA85783CE} = {0FE7C976-DC44-4AE6-9DAA-5B8B3EFC297A}
	EndGlobalSection
	GlobalSection(ExtensibilityGlobals) = postSolution
		SolutionGuid = {5DC868AC-F3CD-471D-85DE-183B08FF225F}
	EndGlobalSection
EndGlobal
